
Microsoft Visual Studio Solution File, Format Version 12.00
# Visual Studio Version 17
VisualStudioVersion = 17.3.32811.315
MinimumVisualStudioVersion = 10.0.40219.1
Project("{9A19103F-16F7-4668-BE54-9A1E7A4F7556}") = "PipeLight", "src\PipeLight\PipeLight.csproj", "{063971BC-BEF0-4D21-B908-0B9A568135E6}"
EndProject
Project("{2150E333-8FDC-42A3-9474-1A3956D46DE8}") = "src", "src", "{2FA8711D-F0F7-4328-B69F-E1369A353948}"
EndProject
Project("{2150E333-8FDC-42A3-9474-1A3956D46DE8}") = "tests", "tests", "{A5467C08-7D43-494C-B439-A5E6D5C709F9}"
EndProject
Project("{9A19103F-16F7-4668-BE54-9A1E7A4F7556}") = "PipeLight.Tests", "tests\PipeLight.Tests\PipeLight.Tests.csproj", "{C1FD8F1F-A2DA-443B-B104-85925A6D0DC3}"
EndProject
Project("{FAE04EC0-301F-11D3-BF4B-00C04F79EFBC}") = "PipeLight.Abstractions", "src\PipeLight.Abstractions\PipeLight.Abstractions.csproj", "{D2B03F79-29B3-4FEB-9A31-E6FECB660EBB}"
EndProject
Project("{FAE04EC0-301F-11D3-BF4B-00C04F79EFBC}") = "PipeLight.DependencyInjection", "src\PipeLight.DependencyInjection\PipeLight.DependencyInjection.csproj", "{EF025984-BA7E-4E63-BC58-01E3CB8C8564}"
EndProject
Project("{FAE04EC0-301F-11D3-BF4B-00C04F79EFBC}") = "PipeLight.Mocks", "tests\PipeLight.Mocks\PipeLight.Mocks.csproj", "{A290467E-F83F-43E7-904F-C6794E71F161}"
EndProject
Project("{FAE04EC0-301F-11D3-BF4B-00C04F79EFBC}") = "PipeLight.Persistence", "src\PipeLight.Persistence\PipeLight.Persistence.csproj", "{425A1C3F-A616-4BA3-89ED-E3C38DBB1004}"
EndProject
Global
	GlobalSection(SolutionConfigurationPlatforms) = preSolution
		Debug|Any CPU = Debug|Any CPU
		Release|Any CPU = Release|Any CPU
	EndGlobalSection
	GlobalSection(ProjectConfigurationPlatforms) = postSolution
		{063971BC-BEF0-4D21-B908-0B9A568135E6}.Debug|Any CPU.ActiveCfg = Debug|Any CPU
		{063971BC-BEF0-4D21-B908-0B9A568135E6}.Debug|Any CPU.Build.0 = Debug|Any CPU
		{063971BC-BEF0-4D21-B908-0B9A568135E6}.Release|Any CPU.ActiveCfg = Release|Any CPU
		{063971BC-BEF0-4D21-B908-0B9A568135E6}.Release|Any CPU.Build.0 = Release|Any CPU
		{C1FD8F1F-A2DA-443B-B104-85925A6D0DC3}.Debug|Any CPU.ActiveCfg = Debug|Any CPU
		{C1FD8F1F-A2DA-443B-B104-85925A6D0DC3}.Debug|Any CPU.Build.0 = Debug|Any CPU
		{C1FD8F1F-A2DA-443B-B104-85925A6D0DC3}.Release|Any CPU.ActiveCfg = Release|Any CPU
		{C1FD8F1F-A2DA-443B-B104-85925A6D0DC3}.Release|Any CPU.Build.0 = Release|Any CPU
		{D2B03F79-29B3-4FEB-9A31-E6FECB660EBB}.Debug|Any CPU.ActiveCfg = Debug|Any CPU
		{D2B03F79-29B3-4FEB-9A31-E6FECB660EBB}.Debug|Any CPU.Build.0 = Debug|Any CPU
		{D2B03F79-29B3-4FEB-9A31-E6FECB660EBB}.Release|Any CPU.ActiveCfg = Release|Any CPU
		{D2B03F79-29B3-4FEB-9A31-E6FECB660EBB}.Release|Any CPU.Build.0 = Release|Any CPU
		{EF025984-BA7E-4E63-BC58-01E3CB8C8564}.Debug|Any CPU.ActiveCfg = Debug|Any CPU
		{EF025984-BA7E-4E63-BC58-01E3CB8C8564}.Debug|Any CPU.Build.0 = Debug|Any CPU
		{EF025984-BA7E-4E63-BC58-01E3CB8C8564}.Release|Any CPU.ActiveCfg = Release|Any CPU
		{EF025984-BA7E-4E63-BC58-01E3CB8C8564}.Release|Any CPU.Build.0 = Release|Any CPU
		{A290467E-F83F-43E7-904F-C6794E71F161}.Debug|Any CPU.ActiveCfg = Debug|Any CPU
		{A290467E-F83F-43E7-904F-C6794E71F161}.Debug|Any CPU.Build.0 = Debug|Any CPU
		{A290467E-F83F-43E7-904F-C6794E71F161}.Release|Any CPU.ActiveCfg = Release|Any CPU
		{A290467E-F83F-43E7-904F-C6794E71F161}.Release|Any CPU.Build.0 = Release|Any CPU
		{425A1C3F-A616-4BA3-89ED-E3C38DBB1004}.Debug|Any CPU.ActiveCfg = Debug|Any CPU
		{425A1C3F-A616-4BA3-89ED-E3C38DBB1004}.Debug|Any CPU.Build.0 = Debug|Any CPU
		{425A1C3F-A616-4BA3-89ED-E3C38DBB1004}.Release|Any CPU.ActiveCfg = Release|Any CPU
		{425A1C3F-A616-4BA3-89ED-E3C38DBB1004}.Release|Any CPU.Build.0 = Release|Any CPU
	EndGlobalSection
	GlobalSection(SolutionProperties) = preSolution
		HideSolutionNode = FALSE
	EndGlobalSection
	GlobalSection(NestedProjects) = preSolution
		{063971BC-BEF0-4D21-B908-0B9A568135E6} = {2FA8711D-F0F7-4328-B69F-E1369A353948}
		{C1FD8F1F-A2DA-443B-B104-85925A6D0DC3} = {A5467C08-7D43-494C-B439-A5E6D5C709F9}
		{D2B03F79-29B3-4FEB-9A31-E6FECB660EBB} = {2FA8711D-F0F7-4328-B69F-E1369A353948}
		{EF025984-BA7E-4E63-BC58-01E3CB8C8564} = {2FA8711D-F0F7-4328-B69F-E1369A353948}
		{A290467E-F83F-43E7-904F-C6794E71F161} = {A5467C08-7D43-494C-B439-A5E6D5C709F9}
		{425A1C3F-A616-4BA3-89ED-E3C38DBB1004} = {2FA8711D-F0F7-4328-B69F-E1369A353948}
	EndGlobalSection
	GlobalSection(ExtensibilityGlobals) = postSolution
		SolutionGuid = {F5AEF2C3-0EC9-4809-960B-546B622CB6AC}
	EndGlobalSection
EndGlobal
